
Microsoft Visual Studio Solution File, Format Version 12.00
# Visual Studio 15
VisualStudioVersion = 15.0.27004.2005
MinimumVisualStudioVersion = 10.0.40219.1
Project("{FAE04EC0-301F-11D3-BF4B-00C04F79EFBC}") = "TicTacToe.Android", "TicTacToe\TicTacToe.Android\TicTacToe.Android.csproj", "{41669C3D-ECD1-42A1-9B39-1990B84052B8}"
EndProject
Project("{FAE04EC0-301F-11D3-BF4B-00C04F79EFBC}") = "TicTacToe", "TicTacToe\TicTacToe\TicTacToe.csproj", "{60761692-74DE-4BC0-A8B1-E210EB2300E6}"
EndProject
Project("{FAE04EC0-301F-11D3-BF4B-00C04F79EFBC}") = "TicTacToe.iOS", "TicTacToe\TicTacToe.iOS\TicTacToe.iOS.csproj", "{F559166A-4CE5-49BC-BF0B-0E56206C6820}"
EndProject
Global
	GlobalSection(SolutionConfigurationPlatforms) = preSolution
		Ad-Hoc|Any CPU = Ad-Hoc|Any CPU
		Ad-Hoc|ARM = Ad-Hoc|ARM
		Ad-Hoc|iPhone = Ad-Hoc|iPhone
		Ad-Hoc|iPhoneSimulator = Ad-Hoc|iPhoneSimulator
		Ad-Hoc|x64 = Ad-Hoc|x64
		Ad-Hoc|x86 = Ad-Hoc|x86
		AppStore|Any CPU = AppStore|Any CPU
		AppStore|ARM = AppStore|ARM
		AppStore|iPhone = AppStore|iPhone
		AppStore|iPhoneSimulator = AppStore|iPhoneSimulator
		AppStore|x64 = AppStore|x64
		AppStore|x86 = AppStore|x86
		Debug|Any CPU = Debug|Any CPU
		Debug|ARM = Debug|ARM
		Debug|iPhone = Debug|iPhone
		Debug|iPhoneSimulator = Debug|iPhoneSimulator
		Debug|x64 = Debug|x64
		Debug|x86 = Debug|x86
		Release|Any CPU = Release|Any CPU
		Release|ARM = Release|ARM
		Release|iPhone = Release|iPhone
		Release|iPhoneSimulator = Release|iPhoneSimulator
		Release|x64 = Release|x64
		Release|x86 = Release|x86
	EndGlobalSection
	GlobalSection(ProjectConfigurationPlatforms) = postSolution
		{41669C3D-ECD1-42A1-9B39-1990B84052B8}.Ad-Hoc|Any CPU.ActiveCfg = Release|Any CPU
		{41669C3D-ECD1-42A1-9B39-1990B84052B8}.Ad-Hoc|Any CPU.Build.0 = Release|Any CPU
		{41669C3D-ECD1-42A1-9B39-1990B84052B8}.Ad-Hoc|Any CPU.Deploy.0 = Release|Any CPU
		{41669C3D-ECD1-42A1-9B39-1990B84052B8}.Ad-Hoc|ARM.ActiveCfg = Release|Any CPU
		{41669C3D-ECD1-42A1-9B39-1990B84052B8}.Ad-Hoc|ARM.Build.0 = Release|Any CPU
		{41669C3D-ECD1-42A1-9B39-1990B84052B8}.Ad-Hoc|ARM.Deploy.0 = Release|Any CPU
		{41669C3D-ECD1-42A1-9B39-1990B84052B8}.Ad-Hoc|iPhone.ActiveCfg = Release|Any CPU
		{41669C3D-ECD1-42A1-9B39-1990B84052B8}.Ad-Hoc|iPhone.Build.0 = Release|Any CPU
		{41669C3D-ECD1-42A1-9B39-1990B84052B8}.Ad-Hoc|iPhone.Deploy.0 = Release|Any CPU
		{41669C3D-ECD1-42A1-9B39-1990B84052B8}.Ad-Hoc|iPhoneSimulator.ActiveCfg = Release|Any CPU
		{41669C3D-ECD1-42A1-9B39-1990B84052B8}.Ad-Hoc|iPhoneSimulator.Build.0 = Release|Any CPU
		{41669C3D-ECD1-42A1-9B39-1990B84052B8}.Ad-Hoc|iPhoneSimulator.Deploy.0 = Release|Any CPU
		{41669C3D-ECD1-42A1-9B39-1990B84052B8}.Ad-Hoc|x64.ActiveCfg = Release|Any CPU
		{41669C3D-ECD1-42A1-9B39-1990B84052B8}.Ad-Hoc|x64.Build.0 = Release|Any CPU
		{41669C3D-ECD1-42A1-9B39-1990B84052B8}.Ad-Hoc|x64.Deploy.0 = Release|Any CPU
		{41669C3D-ECD1-42A1-9B39-1990B84052B8}.Ad-Hoc|x86.ActiveCfg = Release|Any CPU
		{41669C3D-ECD1-42A1-9B39-1990B84052B8}.Ad-Hoc|x86.Build.0 = Release|Any CPU
		{41669C3D-ECD1-42A1-9B39-1990B84052B8}.Ad-Hoc|x86.Deploy.0 = Release|Any CPU
		{41669C3D-ECD1-42A1-9B39-1990B84052B8}.AppStore|Any CPU.ActiveCfg = Release|Any CPU
		{41669C3D-ECD1-42A1-9B39-1990B84052B8}.AppStore|Any CPU.Build.0 = Release|Any CPU
		{41669C3D-ECD1-42A1-9B39-1990B84052B8}.AppStore|Any CPU.Deploy.0 = Release|Any CPU
		{41669C3D-ECD1-42A1-9B39-1990B84052B8}.AppStore|ARM.ActiveCfg = Release|Any CPU
		{41669C3D-ECD1-42A1-9B39-1990B84052B8}.AppStore|ARM.Build.0 = Release|Any CPU
		{41669C3D-ECD1-42A1-9B39-1990B84052B8}.AppStore|ARM.Deploy.0 = Release|Any CPU
		{41669C3D-ECD1-42A1-9B39-1990B84052B8}.AppStore|iPhone.ActiveCfg = Release|Any CPU
		{41669C3D-ECD1-42A1-9B39-1990B84052B8}.AppStore|iPhone.Build.0 = Release|Any CPU
		{41669C3D-ECD1-42A1-9B39-1990B84052B8}.AppStore|iPhone.Deploy.0 = Release|Any CPU
		{41669C3D-ECD1-42A1-9B39-1990B84052B8}.AppStore|iPhoneSimulator.ActiveCfg = Release|Any CPU
		{41669C3D-ECD1-42A1-9B39-1990B84052B8}.AppStore|iPhoneSimulator.Build.0 = Release|Any CPU
		{41669C3D-ECD1-42A1-9B39-1990B84052B8}.AppStore|iPhoneSimulator.Deploy.0 = Release|Any CPU
		{41669C3D-ECD1-42A1-9B39-1990B84052B8}.AppStore|x64.ActiveCfg = Release|Any CPU
		{41669C3D-ECD1-42A1-9B39-1990B84052B8}.AppStore|x64.Build.0 = Release|Any CPU
		{41669C3D-ECD1-42A1-9B39-1990B84052B8}.AppStore|x64.Deploy.0 = Release|Any CPU
		{41669C3D-ECD1-42A1-9B39-1990B84052B8}.AppStore|x86.ActiveCfg = Release|Any CPU
		{41669C3D-ECD1-42A1-9B39-1990B84052B8}.AppStore|x86.Build.0 = Release|Any CPU
		{41669C3D-ECD1-42A1-9B39-1990B84052B8}.AppStore|x86.Deploy.0 = Release|Any CPU
		{41669C3D-ECD1-42A1-9B39-1990B84052B8}.Debug|Any CPU.ActiveCfg = Debug|Any CPU
		{41669C3D-ECD1-42A1-9B39-1990B84052B8}.Debug|Any CPU.Build.0 = Debug|Any CPU
		{41669C3D-ECD1-42A1-9B39-1990B84052B8}.Debug|Any CPU.Deploy.0 = Debug|Any CPU
		{41669C3D-ECD1-42A1-9B39-1990B84052B8}.Debug|ARM.ActiveCfg = Debug|Any CPU
		{41669C3D-ECD1-42A1-9B39-1990B84052B8}.Debug|ARM.Build.0 = Debug|Any CPU
		{41669C3D-ECD1-42A1-9B39-1990B84052B8}.Debug|ARM.Deploy.0 = Debug|Any CPU
		{41669C3D-ECD1-42A1-9B39-1990B84052B8}.Debug|iPhone.ActiveCfg = Debug|Any CPU
		{41669C3D-ECD1-42A1-9B39-1990B84052B8}.Debug|iPhone.Build.0 = Debug|Any CPU
		{41669C3D-ECD1-42A1-9B39-1990B84052B8}.Debug|iPhone.Deploy.0 = Debug|Any CPU
		{41669C3D-ECD1-42A1-9B39-1990B84052B8}.Debug|iPhoneSimulator.ActiveCfg = Debug|Any CPU
		{41669C3D-ECD1-42A1-9B39-1990B84052B8}.Debug|iPhoneSimulator.Build.0 = Debug|Any CPU
		{41669C3D-ECD1-42A1-9B39-1990B84052B8}.Debug|iPhoneSimulator.Deploy.0 = Debug|Any CPU
		{41669C3D-ECD1-42A1-9B39-1990B84052B8}.Debug|x64.ActiveCfg = Debug|Any CPU
		{41669C3D-ECD1-42A1-9B39-1990B84052B8}.Debug|x64.Build.0 = Debug|Any CPU
		{41669C3D-ECD1-42A1-9B39-1990B84052B8}.Debug|x64.Deploy.0 = Debug|Any CPU
		{41669C3D-ECD1-42A1-9B39-1990B84052B8}.Debug|x86.ActiveCfg = Debug|Any CPU
		{41669C3D-ECD1-42A1-9B39-1990B84052B8}.Debug|x86.Build.0 = Debug|Any CPU
		{41669C3D-ECD1-42A1-9B39-1990B84052B8}.Debug|x86.Deploy.0 = Debug|Any CPU
		{41669C3D-ECD1-42A1-9B39-1990B84052B8}.Release|Any CPU.ActiveCfg = Release|Any CPU
		{41669C3D-ECD1-42A1-9B39-1990B84052B8}.Release|Any CPU.Build.0 = Release|Any CPU
		{41669C3D-ECD1-42A1-9B39-1990B84052B8}.Release|Any CPU.Deploy.0 = Release|Any CPU
		{41669C3D-ECD1-42A1-9B39-1990B84052B8}.Release|ARM.ActiveCfg = Release|Any CPU
		{41669C3D-ECD1-42A1-9B39-1990B84052B8}.Release|ARM.Build.0 = Release|Any CPU
		{41669C3D-ECD1-42A1-9B39-1990B84052B8}.Release|ARM.Deploy.0 = Release|Any CPU
		{41669C3D-ECD1-42A1-9B39-1990B84052B8}.Release|iPhone.ActiveCfg = Release|Any CPU
		{41669C3D-ECD1-42A1-9B39-1990B84052B8}.Release|iPhone.Build.0 = Release|Any CPU
		{41669C3D-ECD1-42A1-9B39-1990B84052B8}.Release|iPhone.Deploy.0 = Release|Any CPU
		{41669C3D-ECD1-42A1-9B39-1990B84052B8}.Release|iPhoneSimulator.ActiveCfg = Release|Any CPU
		{41669C3D-ECD1-42A1-9B39-1990B84052B8}.Release|iPhoneSimulator.Build.0 = Release|Any CPU
		{41669C3D-ECD1-42A1-9B39-1990B84052B8}.Release|iPhoneSimulator.Deploy.0 = Release|Any CPU
		{41669C3D-ECD1-42A1-9B39-1990B84052B8}.Release|x64.ActiveCfg = Release|Any CPU
		{41669C3D-ECD1-42A1-9B39-1990B84052B8}.Release|x64.Build.0 = Release|Any CPU
		{41669C3D-ECD1-42A1-9B39-1990B84052B8}.Release|x64.Deploy.0 = Release|Any CPU
		{41669C3D-ECD1-42A1-9B39-1990B84052B8}.Release|x86.ActiveCfg = Release|Any CPU
		{41669C3D-ECD1-42A1-9B39-1990B84052B8}.Release|x86.Build.0 = Release|Any CPU
		{41669C3D-ECD1-42A1-9B39-1990B84052B8}.Release|x86.Deploy.0 = Release|Any CPU
		{60761692-74DE-4BC0-A8B1-E210EB2300E6}.Ad-Hoc|Any CPU.ActiveCfg = Release|Any CPU
		{60761692-74DE-4BC0-A8B1-E210EB2300E6}.Ad-Hoc|Any CPU.Build.0 = Release|Any CPU
		{60761692-74DE-4BC0-A8B1-E210EB2300E6}.Ad-Hoc|ARM.ActiveCfg = Release|Any CPU
		{60761692-74DE-4BC0-A8B1-E210EB2300E6}.Ad-Hoc|ARM.Build.0 = Release|Any CPU
		{60761692-74DE-4BC0-A8B1-E210EB2300E6}.Ad-Hoc|iPhone.ActiveCfg = Release|Any CPU
		{60761692-74DE-4BC0-A8B1-E210EB2300E6}.Ad-Hoc|iPhone.Build.0 = Release|Any CPU
		{60761692-74DE-4BC0-A8B1-E210EB2300E6}.Ad-Hoc|iPhoneSimulator.ActiveCfg = Release|Any CPU
		{60761692-74DE-4BC0-A8B1-E210EB2300E6}.Ad-Hoc|iPhoneSimulator.Build.0 = Release|Any CPU
		{60761692-74DE-4BC0-A8B1-E210EB2300E6}.Ad-Hoc|x64.ActiveCfg = Release|Any CPU
		{60761692-74DE-4BC0-A8B1-E210EB2300E6}.Ad-Hoc|x64.Build.0 = Release|Any CPU
		{60761692-74DE-4BC0-A8B1-E210EB2300E6}.Ad-Hoc|x86.ActiveCfg = Release|Any CPU
		{60761692-74DE-4BC0-A8B1-E210EB2300E6}.Ad-Hoc|x86.Build.0 = Release|Any CPU
		{60761692-74DE-4BC0-A8B1-E210EB2300E6}.AppStore|Any CPU.ActiveCfg = Release|Any CPU
		{60761692-74DE-4BC0-A8B1-E210EB2300E6}.AppStore|Any CPU.Build.0 = Release|Any CPU
		{60761692-74DE-4BC0-A8B1-E210EB2300E6}.AppStore|ARM.ActiveCfg = Release|Any CPU
		{60761692-74DE-4BC0-A8B1-E210EB2300E6}.AppStore|ARM.Build.0 = Release|Any CPU
		{60761692-74DE-4BC0-A8B1-E210EB2300E6}.AppStore|iPhone.ActiveCfg = Release|Any CPU
		{60761692-74DE-4BC0-A8B1-E210EB2300E6}.AppStore|iPhone.Build.0 = Release|Any CPU
		{60761692-74DE-4BC0-A8B1-E210EB2300E6}.AppStore|iPhoneSimulator.ActiveCfg = Release|Any CPU
		{60761692-74DE-4BC0-A8B1-E210EB2300E6}.AppStore|iPhoneSimulator.Build.0 = Release|Any CPU
		{60761692-74DE-4BC0-A8B1-E210EB2300E6}.AppStore|x64.ActiveCfg = Release|Any CPU
		{60761692-74DE-4BC0-A8B1-E210EB2300E6}.AppStore|x64.Build.0 = Release|Any CPU
		{60761692-74DE-4BC0-A8B1-E210EB2300E6}.AppStore|x86.ActiveCfg = Release|Any CPU
		{60761692-74DE-4BC0-A8B1-E210EB2300E6}.AppStore|x86.Build.0 = Release|Any CPU
		{60761692-74DE-4BC0-A8B1-E210EB2300E6}.Debug|Any CPU.ActiveCfg = Debug|Any CPU
		{60761692-74DE-4BC0-A8B1-E210EB2300E6}.Debug|Any CPU.Build.0 = Debug|Any CPU
		{60761692-74DE-4BC0-A8B1-E210EB2300E6}.Debug|ARM.ActiveCfg = Debug|Any CPU
		{60761692-74DE-4BC0-A8B1-E210EB2300E6}.Debug|ARM.Build.0 = Debug|Any CPU
		{60761692-74DE-4BC0-A8B1-E210EB2300E6}.Debug|iPhone.ActiveCfg = Debug|Any CPU
		{60761692-74DE-4BC0-A8B1-E210EB2300E6}.Debug|iPhone.Build.0 = Debug|Any CPU
		{60761692-74DE-4BC0-A8B1-E210EB2300E6}.Debug|iPhoneSimulator.ActiveCfg = Debug|Any CPU
		{60761692-74DE-4BC0-A8B1-E210EB2300E6}.Debug|iPhoneSimulator.Build.0 = Debug|Any CPU
		{60761692-74DE-4BC0-A8B1-E210EB2300E6}.Debug|x64.ActiveCfg = Debug|Any CPU
		{60761692-74DE-4BC0-A8B1-E210EB2300E6}.Debug|x64.Build.0 = Debug|Any CPU
		{60761692-74DE-4BC0-A8B1-E210EB2300E6}.Debug|x86.ActiveCfg = Debug|Any CPU
		{60761692-74DE-4BC0-A8B1-E210EB2300E6}.Debug|x86.Build.0 = Debug|Any CPU
		{60761692-74DE-4BC0-A8B1-E210EB2300E6}.Release|Any CPU.ActiveCfg = Release|Any CPU
		{60761692-74DE-4BC0-A8B1-E210EB2300E6}.Release|Any CPU.Build.0 = Release|Any CPU
		{60761692-74DE-4BC0-A8B1-E210EB2300E6}.Release|ARM.ActiveCfg = Release|Any CPU
		{60761692-74DE-4BC0-A8B1-E210EB2300E6}.Release|ARM.Build.0 = Release|Any CPU
		{60761692-74DE-4BC0-A8B1-E210EB2300E6}.Release|iPhone.ActiveCfg = Release|Any CPU
		{60761692-74DE-4BC0-A8B1-E210EB2300E6}.Release|iPhone.Build.0 = Release|Any CPU
		{60761692-74DE-4BC0-A8B1-E210EB2300E6}.Release|iPhoneSimulator.ActiveCfg = Release|Any CPU
		{60761692-74DE-4BC0-A8B1-E210EB2300E6}.Release|iPhoneSimulator.Build.0 = Release|Any CPU
		{60761692-74DE-4BC0-A8B1-E210EB2300E6}.Release|x64.ActiveCfg = Release|Any CPU
		{60761692-74DE-4BC0-A8B1-E210EB2300E6}.Release|x64.Build.0 = Release|Any CPU
		{60761692-74DE-4BC0-A8B1-E210EB2300E6}.Release|x86.ActiveCfg = Release|Any CPU
		{60761692-74DE-4BC0-A8B1-E210EB2300E6}.Release|x86.Build.0 = Release|Any CPU
		{F559166A-4CE5-49BC-BF0B-0E56206C6820}.Ad-Hoc|Any CPU.ActiveCfg = Ad-Hoc|iPhoneSimulator
		{F559166A-4CE5-49BC-BF0B-0E56206C6820}.Ad-Hoc|ARM.ActiveCfg = Ad-Hoc|iPhone
		{F559166A-4CE5-49BC-BF0B-0E56206C6820}.Ad-Hoc|iPhone.ActiveCfg = Ad-Hoc|iPhone
		{F559166A-4CE5-49BC-BF0B-0E56206C6820}.Ad-Hoc|iPhone.Build.0 = Ad-Hoc|iPhone
		{F559166A-4CE5-49BC-BF0B-0E56206C6820}.Ad-Hoc|iPhoneSimulator.ActiveCfg = Ad-Hoc|iPhoneSimulator
		{F559166A-4CE5-49BC-BF0B-0E56206C6820}.Ad-Hoc|iPhoneSimulator.Build.0 = Ad-Hoc|iPhoneSimulator
		{F559166A-4CE5-49BC-BF0B-0E56206C6820}.Ad-Hoc|x64.ActiveCfg = Ad-Hoc|iPhone
		{F559166A-4CE5-49BC-BF0B-0E56206C6820}.Ad-Hoc|x86.ActiveCfg = Ad-Hoc|iPhone
		{F559166A-4CE5-49BC-BF0B-0E56206C6820}.AppStore|Any CPU.ActiveCfg = AppStore|iPhoneSimulator
		{F559166A-4CE5-49BC-BF0B-0E56206C6820}.AppStore|ARM.ActiveCfg = AppStore|iPhone
		{F559166A-4CE5-49BC-BF0B-0E56206C6820}.AppStore|iPhone.ActiveCfg = AppStore|iPhone
		{F559166A-4CE5-49BC-BF0B-0E56206C6820}.AppStore|iPhone.Build.0 = AppStore|iPhone
		{F559166A-4CE5-49BC-BF0B-0E56206C6820}.AppStore|iPhoneSimulator.ActiveCfg = AppStore|iPhoneSimulator
		{F559166A-4CE5-49BC-BF0B-0E56206C6820}.AppStore|iPhoneSimulator.Build.0 = AppStore|iPhoneSimulator
		{F559166A-4CE5-49BC-BF0B-0E56206C6820}.AppStore|x64.ActiveCfg = AppStore|iPhone
		{F559166A-4CE5-49BC-BF0B-0E56206C6820}.AppStore|x86.ActiveCfg = AppStore|iPhone
		{F559166A-4CE5-49BC-BF0B-0E56206C6820}.Debug|Any CPU.ActiveCfg = Debug|iPhoneSimulator
		{F559166A-4CE5-49BC-BF0B-0E56206C6820}.Debug|ARM.ActiveCfg = Debug|iPhone
		{F559166A-4CE5-49BC-BF0B-0E56206C6820}.Debug|iPhone.ActiveCfg = Debug|iPhone
		{F559166A-4CE5-49BC-BF0B-0E56206C6820}.Debug|iPhone.Build.0 = Debug|iPhone
		{F559166A-4CE5-49BC-BF0B-0E56206C6820}.Debug|iPhoneSimulator.ActiveCfg = Debug|iPhoneSimulator
		{F559166A-4CE5-49BC-BF0B-0E56206C6820}.Debug|iPhoneSimulator.Build.0 = Debug|iPhoneSimulator
		{F559166A-4CE5-49BC-BF0B-0E56206C6820}.Debug|x64.ActiveCfg = Debug|iPhone
		{F559166A-4CE5-49BC-BF0B-0E56206C6820}.Debug|x86.ActiveCfg = Debug|iPhone
		{F559166A-4CE5-49BC-BF0B-0E56206C6820}.Release|Any CPU.ActiveCfg = Release|iPhoneSimulator
		{F559166A-4CE5-49BC-BF0B-0E56206C6820}.Release|ARM.ActiveCfg = Release|iPhone
		{F559166A-4CE5-49BC-BF0B-0E56206C6820}.Release|iPhone.ActiveCfg = Release|iPhone
		{F559166A-4CE5-49BC-BF0B-0E56206C6820}.Release|iPhone.Build.0 = Release|iPhone
		{F559166A-4CE5-49BC-BF0B-0E56206C6820}.Release|iPhoneSimulator.ActiveCfg = Release|iPhoneSimulator
		{F559166A-4CE5-49BC-BF0B-0E56206C6820}.Release|iPhoneSimulator.Build.0 = Release|iPhoneSimulator
		{F559166A-4CE5-49BC-BF0B-0E56206C6820}.Release|x64.ActiveCfg = Release|iPhone
		{F559166A-4CE5-49BC-BF0B-0E56206C6820}.Release|x86.ActiveCfg = Release|iPhone
	EndGlobalSection
	GlobalSection(SolutionProperties) = preSolution
		HideSolutionNode = FALSE
	EndGlobalSection
	GlobalSection(ExtensibilityGlobals) = postSolution
		SolutionGuid = {2D086A5D-315D-4D4A-895F-D9383170AC12}
	EndGlobalSection
EndGlobal
